
Microsoft Visual Studio Solution File, Format Version 12.00
# Visual Studio Version 17
VisualStudioVersion = 17.3.32804.467
MinimumVisualStudioVersion = 10.0.40219.1
Project("{FAE04EC0-301F-11D3-BF4B-00C04F79EFBC}") = "FirstMVCApp", "FirstMVCApp\FirstMVCApp.csproj", "{CAB1D2F8-A653-42D5-8C20-69BF99CD8546}"
EndProject
Global
	GlobalSection(SolutionConfigurationPlatforms) = preSolution
		Debug|Any CPU = Debug|Any CPU
		Release|Any CPU = Release|Any CPU
	EndGlobalSection
	GlobalSection(ProjectConfigurationPlatforms) = postSolution
		{CAB1D2F8-A653-42D5-8C20-69BF99CD8546}.Debug|Any CPU.ActiveCfg = Debug|Any CPU
		{CAB1D2F8-A653-42D5-8C20-69BF99CD8546}.Debug|Any CPU.Build.0 = Debug|Any CPU
		{CAB1D2F8-A653-42D5-8C20-69BF99CD8546}.Release|Any CPU.ActiveCfg = Release|Any CPU
		{CAB1D2F8-A653-42D5-8C20-69BF99CD8546}.Release|Any CPU.Build.0 = Release|Any CPU
	EndGlobalSection
	GlobalSection(SolutionProperties) = preSolution
		HideSolutionNode = FALSE
	EndGlobalSection
	GlobalSection(ExtensibilityGlobals) = postSolution
		SolutionGuid = {B07BC809-D737-478B-BAE3-07185A444FD4}
	EndGlobalSection
EndGlobal
